# THIS IS AN AUTOGENERATED FILE. DO NOT EDIT THIS FILE DIRECTLY.
# yarn lockfile v1


"@babel/runtime@^7.0.0", "@babel/runtime@^7.12.0", "@babel/runtime@^7.3.1":
  version "7.16.3"
  resolved "https://registry.yarnpkg.com/@babel/runtime/-/runtime-7.16.3.tgz#b86f0db02a04187a3c17caa77de69840165d42d5"
  integrity sha512-WBwekcqacdY2e9AF/Q7WLFUWmdJGJTkbjqTjoMDgXkVZ3ZRUvOPsLb5KdwISoQVsbP+DQzVZW4Zhci0DvpbNTQ==
  dependencies:
    regenerator-runtime "^0.13.4"

"@deck.gl/aggregation-layers@8.5.2":
  version "8.5.2"
  resolved "https://registry.yarnpkg.com/@deck.gl/aggregation-layers/-/aggregation-layers-8.5.2.tgz#a15928f68b6cf431925ba3a9a4c7cd421e0c6011"
  integrity sha512-oiqXPmyn2v0lX9tWCvgmWs29stHSLS3tje71Ff2FVXDNmvP5FoZItFa8y7O7KSTkej2/rSwZeSte/a9pri6Njg==
  dependencies:
    "@luma.gl/shadertools" "^8.5.4"
    "@math.gl/web-mercator" "^3.5.3"
    d3-hexbin "^0.2.1"

"@deck.gl/carto@8.5.2":
  version "8.5.2"
  resolved "https://registry.yarnpkg.com/@deck.gl/carto/-/carto-8.5.2.tgz#9ac2b9723bbabf818cd2abca5cdebb10e672e993"
  integrity sha512-Kw/3NUM+2NcHjxH6b7IOUYXEwmJ4SNQujFzAVFW5amG4Lut8074NGSF5XHi+4M/zgk7vXDFsGRxLqspsA/dg8w==
  dependencies:
    "@loaders.gl/loader-utils" "^3.0.6"
    "@loaders.gl/mvt" "^3.0.6"
    "@loaders.gl/tiles" "^3.0.6"
    "@math.gl/web-mercator" "^3.5.3"
    cartocolor "^4.0.2"
    d3-scale "^3.2.3"

"@deck.gl/core@8.5.2":
  version "8.5.2"
  resolved "https://registry.yarnpkg.com/@deck.gl/core/-/core-8.5.2.tgz#108f1333be43e30634cf7403c052fb8c2777f646"
  integrity sha512-SAFv7fKx6k1Rj8R4qTMQO2wEhEfixROzbcoSS6RivxrfES00KYYj6jJ7iNEnq3dFn6qc37LPpxqtYYHO4BcvYA==
  dependencies:
    "@loaders.gl/core" "^3.0.6"
    "@loaders.gl/images" "^3.0.6"
    "@luma.gl/core" "^8.5.4"
    "@math.gl/web-mercator" "^3.5.3"
    gl-matrix "^3.0.0"
    math.gl "^3.5.3"
    mjolnir.js "^2.5.0"
    probe.gl "^3.4.0"

"@deck.gl/extensions@8.5.2":
  version "8.5.2"
  resolved "https://registry.yarnpkg.com/@deck.gl/extensions/-/extensions-8.5.2.tgz#5720a9de5a0d4f49b99fd7f51df69ac6aba675fa"
  integrity sha512-VhbQsMNPM7RCR/ERwb1u1x0rEWAxgXfcCWttW+gYvbiagW/LrAJ22jhOghlRW/wilEmupHYbXQlWkW2V/mYfsg==
  dependencies:
    "@luma.gl/shadertools" "^8.5.4"

"@deck.gl/geo-layers@8.5.2":
  version "8.5.2"
  resolved "https://registry.yarnpkg.com/@deck.gl/geo-layers/-/geo-layers-8.5.2.tgz#d428217186bb3598da745126ff737903c0c03ba5"
  integrity sha512-t6+TgAdbKWDw8g9UX1y6D+5twcdJuKaXw4qSib/0yVurWi/Mil5Plihybt1l9uBZuwkr+UcpxPR73zzo+qd9MA==
  dependencies:
    "@loaders.gl/3d-tiles" "^3.0.6"
    "@loaders.gl/gis" "^3.0.6"
    "@loaders.gl/loader-utils" "^3.0.6"
    "@loaders.gl/mvt" "^3.0.6"
    "@loaders.gl/terrain" "^3.0.6"
    "@loaders.gl/tiles" "^3.0.6"
    "@luma.gl/experimental" "^8.5.4"
    "@math.gl/culling" "^3.5.3"
    "@math.gl/web-mercator" "^3.5.3"
    h3-js "^3.6.0"
    long "^3.2.0"
    math.gl "^3.5.3"

"@deck.gl/google-maps@8.5.2":
  version "8.5.2"
  resolved "https://registry.yarnpkg.com/@deck.gl/google-maps/-/google-maps-8.5.2.tgz#0152f9cd4beb2619c99523b33369c15e268dd859"
  integrity sha512-Dk3ozenBWgt9nFSYOT4N82urNW/JhiMszfFq6zLt3jUp0N7EJ9d2XO81hclM59BhjIdGWb6drTe96NvtbabVLQ==

"@deck.gl/json@8.5.2":
  version "8.5.2"
  resolved "https://registry.yarnpkg.com/@deck.gl/json/-/json-8.5.2.tgz#8535c0d86ae50bad47eceff915cdd2f6ece0fb28"
  integrity sha512-lVS16bvPfLUSidgBURZvGbWEjgK8GjLWlp1iGuLvua2W6TnWIyiKa6a3XoebgeXd8kqwSbQxhNnuSVPX+Di6Rg==
  dependencies:
    d3-dsv "^1.0.8"
    expression-eval "^2.0.0"

"@deck.gl/layers@8.5.2":
  version "8.5.2"
  resolved "https://registry.yarnpkg.com/@deck.gl/layers/-/layers-8.5.2.tgz#d40d5dd81d3190e210cc9bbb24df55e04efa8ad6"
  integrity sha512-HmpE3qf9CI7sU/xa2DMCNg31pzpzK5XuUHyC70dsLq8AV7Sm3vZQz17KMU/CWSZpVr7yQ8uxTeSQARiv/zeOFQ==
  dependencies:
    "@loaders.gl/images" "^3.0.6"
    "@mapbox/tiny-sdf" "^1.1.0"
    "@math.gl/polygon" "^3.5.3"
    earcut "^2.0.6"

"@deck.gl/mapbox@8.5.2":
  version "8.5.2"
  resolved "https://registry.yarnpkg.com/@deck.gl/mapbox/-/mapbox-8.5.2.tgz#97b8296666919e53eebefb60e9152f8e32a98c9d"
  integrity sha512-nMpzfdPFBVthT+EMgIcKo4YO6bZCqADQtqnxIFtfofZIiKS6R5OSuJ3sXPSNZ9ReCJGzdmndEz7/Qtm9Sia/bA==

"@deck.gl/mesh-layers@8.5.2":
  version "8.5.2"
  resolved "https://registry.yarnpkg.com/@deck.gl/mesh-layers/-/mesh-layers-8.5.2.tgz#312fd31972eb09da074b2945b018ee9f69897c83"
  integrity sha512-dUfQyGjm5CYQg9AQdRsGtEEXGSGHxifPlws0zWWoj1r757wjqM0aZ663TUJEsJQDTLNOvbBLGTiuFeCBUoKO4Q==
  dependencies:
    "@loaders.gl/gltf" "^3.0.6"
    "@luma.gl/experimental" "^8.5.4"
    "@luma.gl/shadertools" "^8.5.4"

"@deck.gl/react@8.5.2":
  version "8.5.2"
  resolved "https://registry.yarnpkg.com/@deck.gl/react/-/react-8.5.2.tgz#8aef916fe674c0bb4735a42d48905e0e993aa8b9"
  integrity sha512-h7AJ9nPY1PTjrAVP7T1fvWDChWZrVOsEfYIoEP4W6ILSjvDqEQfVL0+9RhjUwQV2nKrg0QmpqCmbfOrgKQQbYw==
  dependencies:
    prop-types "^15.6.0"

"@loaders.gl/3d-tiles@^3.0.6":
  version "3.0.12"
  resolved "https://registry.yarnpkg.com/@loaders.gl/3d-tiles/-/3d-tiles-3.0.12.tgz#e2e6354850a852f0e81ce1d93007c5bab4b2922a"
  integrity sha512-tloGePghtRi7Joftqbab9AVyJoc++vN5FR4W3wA3xcw7hLRMYb09OqEMJG25t1IdkF6kq0itXX4VOPuegR0DAQ==
  dependencies:
    "@loaders.gl/core" "3.0.12"
    "@loaders.gl/draco" "3.0.12"
    "@loaders.gl/gltf" "3.0.12"
    "@loaders.gl/loader-utils" "3.0.12"
    "@loaders.gl/math" "3.0.12"
    "@loaders.gl/tiles" "3.0.12"
    "@math.gl/core" "^3.5.1"
    "@math.gl/geospatial" "^3.5.1"

"@loaders.gl/core@3.0.12", "@loaders.gl/core@^3.0.6":
  version "3.0.12"
  resolved "https://registry.yarnpkg.com/@loaders.gl/core/-/core-3.0.12.tgz#2dcde94e1382d846db8c5ac803a44e195f28b40c"
  integrity sha512-+y7NaFUvnQtMt80UCj9D1vP23WSEKNibbMRNp1XavUdR+cCjjXpG4Rxl02eUmkv79V8wTXCawj2hKNFtURuXyw==
  dependencies:
    "@babel/runtime" "^7.3.1"
    "@loaders.gl/loader-utils" "3.0.12"
    "@loaders.gl/worker-utils" "3.0.12"
    probe.gl "^3.4.0"

"@loaders.gl/draco@3.0.12":
  version "3.0.12"
  resolved "https://registry.yarnpkg.com/@loaders.gl/draco/-/draco-3.0.12.tgz#22bd3e777c5bd72fd369b02e44dad441457a0045"
  integrity sha512-tkuRsG7E2WPfCw1MTESLyZnfmf+lIb7hY602EXNB13XhCVvz1vhxOJfpZ4JWBvZiByB6fLQ4YuePHVjCX20+kA==
  dependencies:
    "@babel/runtime" "^7.3.1"
    "@loaders.gl/loader-utils" "3.0.12"
    "@loaders.gl/schema" "3.0.12"
    "@loaders.gl/worker-utils" "3.0.12"
    draco3d "1.4.1"

"@loaders.gl/gis@3.0.12", "@loaders.gl/gis@^3.0.6":
  version "3.0.12"
  resolved "https://registry.yarnpkg.com/@loaders.gl/gis/-/gis-3.0.12.tgz#19c33da7f2d4da9275a7a1a08e196182be718b69"
  integrity sha512-NdEhcoubp/MJxNNserY7WHXCBbRCoZXZEuhK8sua7B6WWAAm5Mlv2dCV+HaLLPDG8rQSOWXJb3hqDpwsNY1/uQ==
  dependencies:
    "@loaders.gl/loader-utils" "3.0.12"
    "@loaders.gl/schema" "3.0.12"
    "@mapbox/vector-tile" "^1.3.1"
    pbf "^3.2.1"

"@loaders.gl/gltf@3.0.12", "@loaders.gl/gltf@^3.0.6":
  version "3.0.12"
  resolved "https://registry.yarnpkg.com/@loaders.gl/gltf/-/gltf-3.0.12.tgz#d107be498e2159cfe9c76038aff0b6794c71b0d1"
  integrity sha512-Tyyptusa4DjTZkqsNIGSoIeQN01t2nLTB6n+38OwMGFxA+LHopiAJ9cNfmWybJNx5KSYTcrbIrzcSioYWZiTEA==
  dependencies:
    "@loaders.gl/core" "3.0.12"
    "@loaders.gl/draco" "3.0.12"
    "@loaders.gl/images" "3.0.12"
    "@loaders.gl/loader-utils" "3.0.12"

"@loaders.gl/images@3.0.12", "@loaders.gl/images@^3.0.6":
  version "3.0.12"
  resolved "https://registry.yarnpkg.com/@loaders.gl/images/-/images-3.0.12.tgz#06a823bcb82fb7c5b8b31bf26da4e3eb6e233d57"
  integrity sha512-L6xu2r5yavl7qTKP8AuE4C55xCaEa5xrIgekGIc6fk9y28kIwg1B20Uxj3f7H6giH/OXpG9a4gHqtR23KzlXcw==
  dependencies:
    "@loaders.gl/loader-utils" "3.0.12"

"@loaders.gl/loader-utils@3.0.12", "@loaders.gl/loader-utils@^3.0.6":
  version "3.0.12"
  resolved "https://registry.yarnpkg.com/@loaders.gl/loader-utils/-/loader-utils-3.0.12.tgz#8bf868a1a1a0eead0bbef6c0321622127e2f7dc2"
  integrity sha512-J2cYU8d5mx/rDoKdl6SlvoyvO1PXNi6Upul1OGCDql7S/mq+M9afsvNmRraZJOzcoO5NuWq30Eoh3rWD2w5Mew==
  dependencies:
    "@babel/runtime" "^7.3.1"
    "@loaders.gl/worker-utils" "3.0.12"
    "@probe.gl/stats" "^3.4.0"

"@loaders.gl/math@3.0.12":
  version "3.0.12"
  resolved "https://registry.yarnpkg.com/@loaders.gl/math/-/math-3.0.12.tgz#22cff058977e7e1005784f671ecaa7f9f8527d75"
  integrity sha512-4JV/+uAIHf1tCyvKWuddSENvfJAAHIhfK//SppgfCnevy/zdVye9yzskkGVohHwOvikdfon+dDQPmub/mpqqQA==
  dependencies:
    "@loaders.gl/images" "3.0.12"
    "@loaders.gl/loader-utils" "3.0.12"
    "@math.gl/core" "^3.5.1"

"@loaders.gl/mvt@^3.0.6":
  version "3.0.12"
  resolved "https://registry.yarnpkg.com/@loaders.gl/mvt/-/mvt-3.0.12.tgz#3e969ea39fe92ff0daf1422a877f4152a7f0a98a"
  integrity sha512-MIhw8rlIl8MOJ8pmI8pCVPg3ZTKoxD+NGa7So56zXzWwhMNjYj9ddlxcTkkJBqILSZUvTce4rmfGJ388Ms5mUA==
  dependencies:
    "@loaders.gl/gis" "3.0.12"
    "@loaders.gl/loader-utils" "3.0.12"
    "@math.gl/polygon" "^3.5.1"
    pbf "^3.2.1"

"@loaders.gl/schema@3.0.12":
  version "3.0.12"
  resolved "https://registry.yarnpkg.com/@loaders.gl/schema/-/schema-3.0.12.tgz#3d33b93a49555c5cf1d52cc303c0a5d83415cac3"
  integrity sha512-xJOi6s8SxPwuRfSyiSeUfuXHP5uRBsZOQfBvZTuU8XUyUn3d/nvk5VOZQgo44XTMmY3CqhfMUOFP3etC5oczsA==
  dependencies:
    "@types/geojson" "^7946.0.7"
    apache-arrow "^4.0.0"
    d3-dsv "^1.2.0"

"@loaders.gl/terrain@^3.0.6":
  version "3.0.12"
  resolved "https://registry.yarnpkg.com/@loaders.gl/terrain/-/terrain-3.0.12.tgz#0e2a266daccaf4fd5eea1032c7823b823f026705"
  integrity sha512-N96ZT5U6FFN+Tdx5VoXW7fY9baq8B0vnZbEsSZ+cBOvpOa+ifAoflCC67hN35/EX2SzJzHAMdVfALjCqJJHcLQ==
  dependencies:
    "@babel/runtime" "^7.3.1"
    "@loaders.gl/loader-utils" "3.0.12"
    "@loaders.gl/schema" "3.0.12"
    "@mapbox/martini" "^0.2.0"

"@loaders.gl/tiles@3.0.12", "@loaders.gl/tiles@^3.0.6":
  version "3.0.12"
  resolved "https://registry.yarnpkg.com/@loaders.gl/tiles/-/tiles-3.0.12.tgz#48127eebabf44ebfcabbca4740390e3e8c74d1d7"
  integrity sha512-/FvLpssIycvpXOVvmlubFrLlWe7VI3YYrue8wbmlKk7cndCWjCPP7feyg87EF4XlXOC7r3AleiF3Z1R6aADcTA==
  dependencies:
    "@loaders.gl/core" "3.0.12"
    "@loaders.gl/loader-utils" "3.0.12"
    "@loaders.gl/math" "3.0.12"
    "@math.gl/core" "^3.5.1"
    "@math.gl/culling" "^3.5.1"
    "@math.gl/geospatial" "^3.5.1"
    "@math.gl/web-mercator" "^3.5.1"
    "@probe.gl/stats" "^3.4.0"

"@loaders.gl/worker-utils@3.0.12":
  version "3.0.12"
  resolved "https://registry.yarnpkg.com/@loaders.gl/worker-utils/-/worker-utils-3.0.12.tgz#acde5f5f6e5afaec3f995f892fb6e34e5a1629d1"
  integrity sha512-xbZiYxGNLniXrCMNyvyw91I+DCOrclHc3mwtCPZaJQi+eEFaq0Kh7Lv9yUCE6cCgDLNJfjcfmbcyCBgwlvq7WA==
  dependencies:
    "@babel/runtime" "^7.3.1"

"@luma.gl/constants@8.5.10":
  version "8.5.10"
  resolved "https://registry.yarnpkg.com/@luma.gl/constants/-/constants-8.5.10.tgz#dd8b5ed786e372582a1a28e79c20481e363b4b50"
  integrity sha512-0OZnNbb8hF+ogr/Exr5KFEnSMQdCgjrbO2ZYeNIGO0UVMTu4oTSLfRcBxKUs1NzxG5RogyV8dL6ETQbkP5VAZw==

"@luma.gl/core@^8.5.4":
  version "8.5.10"
  resolved "https://registry.yarnpkg.com/@luma.gl/core/-/core-8.5.10.tgz#a4fdb8656e249b72b84addb0a9412ab91a65fc15"
  integrity sha512-NzzMnSgzPta3gMu8vSM/kWiY09HypHRXt4zw/xFX4geLeX4iXm7Jnm+eeaNpc/QH/yJ51+4bpvZml0P5NIukfQ==
  dependencies:
    "@babel/runtime" "^7.0.0"
    "@luma.gl/constants" "8.5.10"
    "@luma.gl/engine" "8.5.10"
    "@luma.gl/gltools" "8.5.10"
    "@luma.gl/shadertools" "8.5.10"
    "@luma.gl/webgl" "8.5.10"

"@luma.gl/engine@8.5.10":
  version "8.5.10"
  resolved "https://registry.yarnpkg.com/@luma.gl/engine/-/engine-8.5.10.tgz#4e8cdd8ffb0bd5e13e4e521f4e0b05c21a9805a6"
  integrity sha512-W3cPlabMl1g6dfAio4yGD9GohoMULXqsBm9P9WOh0KypQBw5pFlE2C/njY43YhfvnpMPDMUjjraYrEXa1fhaig==
  dependencies:
    "@babel/runtime" "^7.0.0"
    "@luma.gl/constants" "8.5.10"
    "@luma.gl/gltools" "8.5.10"
    "@luma.gl/shadertools" "8.5.10"
    "@luma.gl/webgl" "8.5.10"
    "@math.gl/core" "^3.5.0"
    probe.gl "^3.4.0"

"@luma.gl/experimental@^8.5.4":
  version "8.5.10"
  resolved "https://registry.yarnpkg.com/@luma.gl/experimental/-/experimental-8.5.10.tgz#103a2873e9a390a272480d22685b98875d615cab"
  integrity sha512-1Ldq2DEor9qWHoRetcAz4BID1pwp+5x67F2mfe2UtjEpDY0Modi7t8C94PR8cviyjRIu3DErxX7o8HxJ4JXxpQ==
  dependencies:
    "@luma.gl/constants" "8.5.10"
    "@math.gl/core" "^3.5.0"
    earcut "^2.0.6"

"@luma.gl/gltools@8.5.10":
  version "8.5.10"
  resolved "https://registry.yarnpkg.com/@luma.gl/gltools/-/gltools-8.5.10.tgz#be47f64f215d97e8d5896ab14060078bd04fd12e"
  integrity sha512-XQFocLXvSYfkW2xL1I50nYrPwgyt1jvmzmood3RQBQMiBcgU1JFW2w4tU+V/C5QXcAWWVzm8aIBkuQsCo34zrQ==
  dependencies:
    "@babel/runtime" "^7.0.0"
    "@luma.gl/constants" "8.5.10"
    probe.gl "^3.4.0"

"@luma.gl/shadertools@8.5.10", "@luma.gl/shadertools@^8.5.4":
  version "8.5.10"
  resolved "https://registry.yarnpkg.com/@luma.gl/shadertools/-/shadertools-8.5.10.tgz#37a22f99298f917a2bddf4452f04eaec7066bf27"
  integrity sha512-Va/e7fHFI7ZWu03obtNlXN7noIUF1u9U3Pm6PVqeVi3Z24yWl/pFbb5/O1gn66LQZF6fpwoLGN7m4NGk2YyHyA==
  dependencies:
    "@babel/runtime" "^7.0.0"
    "@math.gl/core" "^3.5.0"

"@luma.gl/webgl@8.5.10":
  version "8.5.10"
  resolved "https://registry.yarnpkg.com/@luma.gl/webgl/-/webgl-8.5.10.tgz#8e39137978692c5695a2138a403837ad51a780a2"
  integrity sha512-8cCJ6aoKmVKvrYoPC6G1jHqMsfTGyn50YMmRkrk2Q79nBe531LZr+6EYXlqx2+AR9obKwTnhTPlxjKg5gR4rYg==
  dependencies:
    "@babel/runtime" "^7.0.0"
    "@luma.gl/constants" "8.5.10"
    "@luma.gl/gltools" "8.5.10"
    probe.gl "^3.4.0"

"@mapbox/geojson-rewind@^0.5.1":
  version "0.5.1"
  resolved "https://registry.yarnpkg.com/@mapbox/geojson-rewind/-/geojson-rewind-0.5.1.tgz#adbe16dc683eb40e90934c51a5e28c7bbf44f4e1"
  integrity sha512-eL7fMmfTBKjrb+VFHXCGv9Ot0zc3C0U+CwXo1IrP+EPwDczLoXv34Tgq3y+2mPSFNVUXgU42ILWJTC7145KPTA==
  dependencies:
    get-stream "^6.0.1"
    minimist "^1.2.5"

"@mapbox/geojson-types@^1.0.2":
  version "1.0.2"
  resolved "https://registry.yarnpkg.com/@mapbox/geojson-types/-/geojson-types-1.0.2.tgz#9aecf642cb00eab1080a57c4f949a65b4a5846d6"
  integrity sha512-e9EBqHHv3EORHrSfbR9DqecPNn+AmuAoQxV6aL8Xu30bJMJR1o8PZLZzpk1Wq7/NfCbuhmakHTPYRhoqLsXRnw==

"@mapbox/jsonlint-lines-primitives@^2.0.2":
  version "2.0.2"
  resolved "https://registry.yarnpkg.com/@mapbox/jsonlint-lines-primitives/-/jsonlint-lines-primitives-2.0.2.tgz#ce56e539f83552b58d10d672ea4d6fc9adc7b234"
  integrity sha1-zlblOfg1UrWNENZy6k1vya3HsjQ=

"@mapbox/mapbox-gl-supported@^2.0.0":
  version "2.0.1"
  resolved "https://registry.yarnpkg.com/@mapbox/mapbox-gl-supported/-/mapbox-gl-supported-2.0.1.tgz#c15367178d8bfe4765e6b47b542fe821ce259c7b"
  integrity sha512-HP6XvfNIzfoMVfyGjBckjiAOQK9WfX0ywdLubuPMPv+Vqf5fj0uCbgBQYpiqcWZT6cbyyRnTSXDheT1ugvF6UQ==

"@mapbox/martini@^0.2.0":
  version "0.2.0"
  resolved "https://registry.yarnpkg.com/@mapbox/martini/-/martini-0.2.0.tgz#1af70211fbe994abf26e37f1388ca69c02cd43b4"
  integrity sha512-7hFhtkb0KTLEls+TRw/rWayq5EeHtTaErgm/NskVoXmtgAQu/9D299aeyj6mzAR/6XUnYRp2lU+4IcrYRFjVsQ==

"@mapbox/point-geometry@0.1.0", "@mapbox/point-geometry@^0.1.0", "@mapbox/point-geometry@~0.1.0":
  version "0.1.0"
  resolved "https://registry.yarnpkg.com/@mapbox/point-geometry/-/point-geometry-0.1.0.tgz#8a83f9335c7860effa2eeeca254332aa0aeed8f2"
  integrity sha1-ioP5M1x4YO/6Lu7KJUMyqgru2PI=

"@mapbox/tiny-sdf@^1.1.0":
  version "1.2.5"
  resolved "https://registry.yarnpkg.com/@mapbox/tiny-sdf/-/tiny-sdf-1.2.5.tgz#424c620a96442b20402552be70a7f62a8407cc59"
  integrity sha512-cD8A/zJlm6fdJOk6DqPUV8mcpyJkRz2x2R+/fYcWDYG3oWbG7/L7Yl/WqQ1VZCjnL9OTIMAn6c+BC5Eru4sQEw==

"@mapbox/tiny-sdf@^2.0.2":
  version "2.0.4"
  resolved "https://registry.yarnpkg.com/@mapbox/tiny-sdf/-/tiny-sdf-2.0.4.tgz#497d7153a61b7cef4638b9e9e91cd37403dead07"
  integrity sha512-CBtL2rhZiYmdIryksp0zh4Mmx54iClYfNb0mpYeHrZnq4z84lVjre7LBWGPEjWspEn6AiF0lxC1HaZDye89m3g==

"@mapbox/unitbezier@^0.0.0":
  version "0.0.0"
  resolved "https://registry.yarnpkg.com/@mapbox/unitbezier/-/unitbezier-0.0.0.tgz#15651bd553a67b8581fb398810c98ad86a34524e"
  integrity sha1-FWUb1VOme4WB+zmIEMmK2Go0Uk4=

"@mapbox/vector-tile@^1.3.1":
  version "1.3.1"
  resolved "https://registry.yarnpkg.com/@mapbox/vector-tile/-/vector-tile-1.3.1.tgz#d3a74c90402d06e89ec66de49ec817ff53409666"
  integrity sha512-MCEddb8u44/xfQ3oD+Srl/tNcQoqTw3goGk2oLsrFxOTc3dUp+kAnby3PvAeeBYSMSjSPD1nd1AJA6W49WnoUw==
  dependencies:
    "@mapbox/point-geometry" "~0.1.0"

"@mapbox/whoots-js@^3.1.0":
  version "3.1.0"
  resolved "https://registry.yarnpkg.com/@mapbox/whoots-js/-/whoots-js-3.1.0.tgz#497c67a1cef50d1a2459ba60f315e448d2ad87fe"
  integrity sha512-Es6WcD0nO5l+2BOQS4uLfNPYQaNDfbot3X1XUoloz+x0mPDS3eeORZJl06HXjwBG1fOGwCRnzK88LMdxKRrd6Q==

"@math.gl/core@3.5.6", "@math.gl/core@^3.5.0", "@math.gl/core@^3.5.1":
  version "3.5.6"
  resolved "https://registry.yarnpkg.com/@math.gl/core/-/core-3.5.6.tgz#d849db978d7d4a4984bb63868adc693975d97ce7"
  integrity sha512-UGCKtJUBA9MBswclK6l8DuZqLcEnqlSfI57WzSDUB/Nki4tHfmdImJyhp8ky9W4cIahV1YLMhHRK1oRpLeC1sw==
  dependencies:
    "@babel/runtime" "^7.12.0"
    gl-matrix "~3.3.0"

"@math.gl/culling@^3.5.1", "@math.gl/culling@^3.5.3":
  version "3.5.6"
  resolved "https://registry.yarnpkg.com/@math.gl/culling/-/culling-3.5.6.tgz#4c388d6c9b3182c1b5ee4ffbf9d1b1d2484c54fd"
  integrity sha512-Sustyo3XRaGVeUAzKk9kzoWErfNUzi+YFsmLe00r4qLbzXPg0Z7uLGX6zloEELILgqOZMOuAhadfmWVMsbq8ZA==
  dependencies:
    "@babel/runtime" "^7.12.0"
    "@math.gl/core" "3.5.6"
    gl-matrix "~3.3.0"

"@math.gl/geospatial@^3.5.1":
  version "3.5.6"
  resolved "https://registry.yarnpkg.com/@math.gl/geospatial/-/geospatial-3.5.6.tgz#c1d7c1650257c249df218410670ced003b92d9f9"
  integrity sha512-pYdnVeqbR5ybvUl+vOn1Ybj3BEwXk44vuU+VxE/GFKlM9M2oQlOisdJ8v6lyUDu7mEx6t5xsu8VUwMz1PymKLQ==
  dependencies:
    "@babel/runtime" "^7.12.0"
    "@math.gl/core" "3.5.6"
    gl-matrix "~3.3.0"

"@math.gl/polygon@^3.5.1", "@math.gl/polygon@^3.5.3":
  version "3.5.6"
  resolved "https://registry.yarnpkg.com/@math.gl/polygon/-/polygon-3.5.6.tgz#af33fa8a60c89176ff178f322d3005d1cea2311f"
  integrity sha512-CUGPmD8Y9elPRsb4+wG0nuElbEYcTK+Azks96M9zleMaOACUDqUY6D4rDtqpyEIeqcun85Aq+7eV/rjVMahWgA==
  dependencies:
    "@math.gl/core" "3.5.6"

"@math.gl/web-mercator@^3.2.2", "@math.gl/web-mercator@^3.5.1", "@math.gl/web-mercator@^3.5.3", "@math.gl/web-mercator@^3.5.5":
  version "3.5.6"
  resolved "https://registry.yarnpkg.com/@math.gl/web-mercator/-/web-mercator-3.5.6.tgz#3bdc62f578bc0f360bb3c2866d015065b869cc20"
  integrity sha512-siWHLJGp9o8fDEM1t0Rby+JXftl6il0z3927liWGzkHqFftXPHY858ShPy45ThDU8q5lyCftg8aVgrv4nfD+Zw==
  dependencies:
    "@babel/runtime" "^7.12.0"
    gl-matrix "~3.3.0"

"@probe.gl/stats@3.4.1", "@probe.gl/stats@^3.4.0":
  version "3.4.1"
  resolved "https://registry.yarnpkg.com/@probe.gl/stats/-/stats-3.4.1.tgz#5bc0ec5f87ae3195c22a98363e9c15031fbfe8e8"
  integrity sha512-1Ol5cH8MQqIrGNgU4NCBj2cw1qiXYfHP1QCFX+u/xyrvgwLkPrOGkdSYMzw4VKTjJzNae4i7urOTf2m2hduZzQ==
  dependencies:
    "@babel/runtime" "^7.0.0"

"@types/d3-array@^2.0.0":
  version "2.12.3"
  resolved "https://registry.yarnpkg.com/@types/d3-array/-/d3-array-2.12.3.tgz#8d16d51fb04ad5a5a8ebe14eb8263a579f1efdd1"
  integrity sha512-hN879HLPTVqZV3FQEXy7ptt083UXwguNbnxdTGzVW4y4KjX5uyNKljrQixZcSJfLyFirbpUokxpXtvR+N5+KIg==

"@types/flatbuffers@^1.10.0":
  version "1.10.0"
  resolved "https://registry.yarnpkg.com/@types/flatbuffers/-/flatbuffers-1.10.0.tgz#aa74e30ffdc86445f2f060e1808fc9d56b5603ba"
  integrity sha512-7btbphLrKvo5yl/5CC2OCxUSMx1wV1wvGT1qDXkSt7yi00/YW7E8k6qzXqJHsp+WU0eoG7r6MTQQXI9lIvd0qA==

"@types/geojson@*", "@types/geojson@^7946.0.7":
  version "7946.0.8"
  resolved "https://registry.yarnpkg.com/@types/geojson/-/geojson-7946.0.8.tgz#30744afdb385e2945e22f3b033f897f76b1f12ca"
  integrity sha512-1rkryxURpr6aWP7R786/UQOkJ3PcpQiWkAXBmdWc7ryFWqN6a4xfK7BtjXvFBKO9LjQ+MWQSWxYeZX1OApnArA==

"@types/mapbox-gl@^2.0.3":
  version "2.4.2"
  resolved "https://registry.yarnpkg.com/@types/mapbox-gl/-/mapbox-gl-2.4.2.tgz#b2d5d6572a49561eef0eb361afd92365027efc50"
  integrity sha512-mKgjmhUN780YGy9ZEyJK0Sr9gMtERmTQimGsIa5WrBHPlBXdmjYfqtz8nSMI7hOnQFphcuSMyqQswaQESFLHsA==
  dependencies:
    "@types/geojson" "*"

"@types/node@^14.14.37":
  version "14.17.33"
  resolved "https://registry.yarnpkg.com/@types/node/-/node-14.17.33.tgz#011ee28e38dc7aee1be032ceadf6332a0ab15b12"
  integrity sha512-noEeJ06zbn3lOh4gqe2v7NMGS33jrulfNqYFDjjEbhpDEHR5VTxgYNQSBqBlJIsBJW3uEYDgD6kvMnrrhGzq8g==

"@types/prop-types@*":
  version "15.7.4"
  resolved "https://registry.yarnpkg.com/@types/prop-types/-/prop-types-15.7.4.tgz#fcf7205c25dff795ee79af1e30da2c9790808f11"
  integrity sha512-rZ5drC/jWjrArrS8BR6SIr4cWpW09RNTYt9AMZo3Jwwif+iacXAqgVjm0B0Bv/S1jhDXKHqRVNCbACkJ89RAnQ==

"@types/react@^17.0.34":
  version "17.0.34"
  resolved "https://registry.yarnpkg.com/@types/react/-/react-17.0.34.tgz#797b66d359b692e3f19991b6b07e4b0c706c0102"
  integrity sha512-46FEGrMjc2+8XhHXILr+3+/sTe3OfzSPU9YGKILLrUYbQ1CLQC9Daqo1KzENGXAWwrFwiY0l4ZbF20gRvgpWTg==
  dependencies:
    "@types/prop-types" "*"
    "@types/scheduler" "*"
    csstype "^3.0.2"

"@types/scheduler@*":
  version "0.16.2"
  resolved "https://registry.yarnpkg.com/@types/scheduler/-/scheduler-0.16.2.tgz#1a62f89525723dde24ba1b01b092bf5df8ad4d39"
  integrity sha512-hppQEBDmlwhFAXKJX2KnWLYu5yMfi91yazPb2l+lbJiwW+wdo1gNeRA+3RgNSO39WYX2euey41KEwnqesU2Jew==

"@types/text-encoding-utf-8@^1.0.1":
  version "1.0.2"
  resolved "https://registry.yarnpkg.com/@types/text-encoding-utf-8/-/text-encoding-utf-8-1.0.2.tgz#896e94ce99b653e886a9b925e9dc12c92af7b1ae"
  integrity sha512-AQ6zewa0ucLJvtUi5HsErbOFKAcQfRLt9zFLlUOvcXBy2G36a+ZDpCHSGdzJVUD8aNURtIjh9aSjCStNMRCcRQ==

ansi-styles@^3.2.1:
  version "3.2.1"
  resolved "https://registry.yarnpkg.com/ansi-styles/-/ansi-styles-3.2.1.tgz#41fbb20243e50b12be0f04b8dedbf07520ce841d"
  integrity sha512-VT0ZI6kZRdTh8YyJw3SMbYm/u+NqfsAxEpWO0Pf9sq8/e94WxxOpPKx9FR1FlyCtOVDNOQ+8ntlqFxiRc+r5qA==
  dependencies:
    color-convert "^1.9.0"

apache-arrow@^4.0.0:
  version "4.0.1"
  resolved "https://registry.yarnpkg.com/apache-arrow/-/apache-arrow-4.0.1.tgz#62e58caa46a6a41966478a19c492380c9efb1d66"
  integrity sha512-DyF7GXCbSjsw4P5C8b+qW7OnJKa6w9mJI0mhV0+EfZbVZCmhfiF6ffqcnrI/kzBrRqn9hH/Ft9n5+m4DTbBJpg==
  dependencies:
    "@types/flatbuffers" "^1.10.0"
    "@types/node" "^14.14.37"
    "@types/text-encoding-utf-8" "^1.0.1"
    command-line-args "5.1.1"
    command-line-usage "6.1.1"
    flatbuffers "1.12.0"
    json-bignum "^0.0.3"
    pad-left "^2.1.0"
    text-encoding-utf-8 "^1.0.2"
    tslib "^2.2.0"

array-back@^3.0.1:
  version "3.1.0"
  resolved "https://registry.yarnpkg.com/array-back/-/array-back-3.1.0.tgz#b8859d7a508871c9a7b2cf42f99428f65e96bfb0"
  integrity sha512-TkuxA4UCOvxuDK6NZYXCalszEzj+TLszyASooky+i742l9TqsOdYCMJJupxRic61hwquNtppB3hgcuq9SVSH1Q==

array-back@^4.0.1:
  version "4.0.2"
  resolved "https://registry.yarnpkg.com/array-back/-/array-back-4.0.2.tgz#8004e999a6274586beeb27342168652fdb89fa1e"
  integrity sha512-NbdMezxqf94cnNfWLL7V/im0Ub+Anbb0IoZhvzie8+4HJ4nMQuzHuy49FkGYCJK2yAloZ3meiB6AVMClbrI1vg==

bootstrap-slider@9.9.0:
  version "9.9.0"
  resolved "https://registry.yarnpkg.com/bootstrap-slider/-/bootstrap-slider-9.9.0.tgz#4e14ecc6401901da1ddf7681aa24e33b00dadce8"
  integrity sha1-ThTsxkAZAdod33aBqiTjOwDa3Og=

bootstrap-slider@^10.0.0:
  version "10.6.2"
  resolved "https://registry.yarnpkg.com/bootstrap-slider/-/bootstrap-slider-10.6.2.tgz#7341f468c012bdaa6a1d8625d989fdeb8ed7dd38"
  integrity sha512-8JTPZB9QVOdrGzYF3YgC3YW6ssfPeBvBwZnXffiZ7YH/zz1D0EKlZvmQsm/w3N0XjVNYQEoQ0ax+jHrErV4K1Q==

cartocolor@^4.0.2:
  version "4.0.2"
  resolved "https://registry.yarnpkg.com/cartocolor/-/cartocolor-4.0.2.tgz#ef1aa12860f6eeedc8d2420e2b9d7337937c4993"
  integrity sha512-+Gh9mb6lFxsDOLQlBLPxAHCnWXlg2W8q3AcVwqRcy95TdBbcOU89Wrb6h2Hd/6Ww1Kc1pzXmUdpnWD+xeCG0dg==
  dependencies:
    colorbrewer "1.0.0"

chalk@^2.4.2:
  version "2.4.2"
  resolved "https://registry.yarnpkg.com/chalk/-/chalk-2.4.2.tgz#cd42541677a54333cf541a49108c1432b44c9424"
  integrity sha512-Mti+f9lpJNcwF4tWV8/OrTTtF1gZi+f8FqlyAdouralcFWFQWF2+NgCHShjkCb+IFBLq9buZwE1xckQU4peSuQ==
  dependencies:
    ansi-styles "^3.2.1"
    escape-string-regexp "^1.0.5"
    supports-color "^5.3.0"

color-convert@^1.9.0:
  version "1.9.3"
  resolved "https://registry.yarnpkg.com/color-convert/-/color-convert-1.9.3.tgz#bb71850690e1f136567de629d2d5471deda4c1e8"
  integrity sha512-QfAUtd+vFdAtFQcC8CCyYt1fYWxSqAiK2cSD6zDB8N3cpsEBAvRxp9zOGg6G/SHHJYAT88/az/IuDGALsNVbGg==
  dependencies:
    color-name "1.1.3"

color-name@1.1.3:
  version "1.1.3"
  resolved "https://registry.yarnpkg.com/color-name/-/color-name-1.1.3.tgz#a7d0558bd89c42f795dd42328f740831ca53bc25"
  integrity sha1-p9BVi9icQveV3UIyj3QIMcpTvCU=

colorbrewer@1.0.0:
  version "1.0.0"
  resolved "https://registry.yarnpkg.com/colorbrewer/-/colorbrewer-1.0.0.tgz#4f97333b969ba7612382be4bc3394b341fb4c8a2"
  integrity sha1-T5czO5abp2Ejgr5LwzlLNB+0yKI=

command-line-args@5.1.1:
  version "5.1.1"
  resolved "https://registry.yarnpkg.com/command-line-args/-/command-line-args-5.1.1.tgz#88e793e5bb3ceb30754a86863f0401ac92fd369a"
  integrity sha512-hL/eG8lrll1Qy1ezvkant+trihbGnaKaeEjj6Scyr3DN+RC7iQ5Rz84IeLERfAWDGo0HBSNAakczwgCilDXnWg==
  dependencies:
    array-back "^3.0.1"
    find-replace "^3.0.0"
    lodash.camelcase "^4.3.0"
    typical "^4.0.0"

command-line-usage@6.1.1:
  version "6.1.1"
  resolved "https://registry.yarnpkg.com/command-line-usage/-/command-line-usage-6.1.1.tgz#c908e28686108917758a49f45efb4f02f76bc03f"
  integrity sha512-F59pEuAR9o1SF/bD0dQBDluhpT4jJQNWUHEuVBqpDmCUo6gPjCi+m9fCWnWZVR/oG6cMTUms4h+3NPl74wGXvA==
  dependencies:
    array-back "^4.0.1"
    chalk "^2.4.2"
    table-layout "^1.0.1"
    typical "^5.2.0"

commander@2, commander@^2.20.3:
  version "2.20.3"
  resolved "https://registry.yarnpkg.com/commander/-/commander-2.20.3.tgz#fd485e84c03eb4881c20722ba48035e8531aeb33"
  integrity sha512-GpVkmM8vF2vQUkj2LvZmD35JxeJOLCwJ9cUkugyk2nuhbv3+mJvpLYYt+0+USMxE+oj+ey/lJEnhZw75x/OMcQ==

csscolorparser@~1.0.3:
  version "1.0.3"
  resolved "https://registry.yarnpkg.com/csscolorparser/-/csscolorparser-1.0.3.tgz#b34f391eea4da8f3e98231e2ccd8df9c041f171b"
  integrity sha1-s085HupNqPPpgjHizNjfnAQfFxs=

cssfilter@0.0.10:
  version "0.0.10"
  resolved "https://registry.yarnpkg.com/cssfilter/-/cssfilter-0.0.10.tgz#c6d2672632a2e5c83e013e6864a42ce8defd20ae"
  integrity sha1-xtJnJjKi5cg+AT5oZKQs6N79IK4=

csstype@^3.0.2:
  version "3.0.9"
  resolved "https://registry.yarnpkg.com/csstype/-/csstype-3.0.9.tgz#6410af31b26bd0520933d02cbc64fce9ce3fbf0b"
  integrity sha512-rpw6JPxK6Rfg1zLOYCSwle2GFOOsnjmDYDaBwEcwoOg4qlsIVCN789VkBZDJAGi4T07gI4YSutR43t9Zz4Lzuw==

d3-array@2, d3-array@^2.3.0:
  version "2.12.1"
  resolved "https://registry.yarnpkg.com/d3-array/-/d3-array-2.12.1.tgz#e20b41aafcdffdf5d50928004ececf815a465e81"
  integrity sha512-B0ErZK/66mHtEsR1TkPEEkwdy+WDesimkM5gpZr5Dsg54BiTA5RXtYW5qTLIAcekaS9xfZrzBLF/OAkB3Qn1YQ==
  dependencies:
    internmap "^1.0.0"

d3-array@^1.2.4:
  version "1.2.4"
  resolved "https://registry.yarnpkg.com/d3-array/-/d3-array-1.2.4.tgz#635ce4d5eea759f6f605863dbcfc30edc737f71f"
  integrity sha512-KHW6M86R+FUPYGb3R5XiYjXPq7VzwxZ22buHhAEVG5ztoEcZZMLov530mmccaqA1GghZArjQV46fuc8kUqhhHw==

"d3-color@1 - 2":
  version "2.0.0"
  resolved "https://registry.yarnpkg.com/d3-color/-/d3-color-2.0.0.tgz#8d625cab42ed9b8f601a1760a389f7ea9189d62e"
  integrity sha512-SPXi0TSKPD4g9tw0NMZFnR95XVgUZiBH+uUTqQuDu1OsE2zomHU7ho0FISciaPvosimixwHFl3WHLGabv6dDgQ==

d3-color@^1.4.1:
  version "1.4.1"
  resolved "https://registry.yarnpkg.com/d3-color/-/d3-color-1.4.1.tgz#c52002bf8846ada4424d55d97982fef26eb3bc8a"
  integrity sha512-p2sTHSLCJI2QKunbGb7ocOh7DgTAn8IrLx21QRc/BSnodXM4sv6aLQlnfpvehFMLZEfBc6g9pH9SWQccFYfJ9Q==

d3-dsv@^1.0.8, d3-dsv@^1.2.0:
  version "1.2.0"
  resolved "https://registry.yarnpkg.com/d3-dsv/-/d3-dsv-1.2.0.tgz#9d5f75c3a5f8abd611f74d3f5847b0d4338b885c"
  integrity sha512-9yVlqvZcSOMhCYzniHE7EVUws7Fa1zgw+/EAV2BxJoG3ME19V6BQFBwI855XQDsxyOuG7NibqRMTtiF/Qup46g==
  dependencies:
    commander "2"
    iconv-lite "0.4"
    rw "1"

"d3-format@1 - 2":
  version "2.0.0"
  resolved "https://registry.yarnpkg.com/d3-format/-/d3-format-2.0.0.tgz#a10bcc0f986c372b729ba447382413aabf5b0767"
  integrity sha512-Ab3S6XuE/Q+flY96HXT0jOXcM4EAClYFnRGY5zsjRGNy6qCYrQsMffs7cV5Q9xejb35zxW5hf/guKw34kvIKsA==

d3-hexbin@^0.2.1:
  version "0.2.2"
  resolved "https://registry.yarnpkg.com/d3-hexbin/-/d3-hexbin-0.2.2.tgz#9c5837dacfd471ab05337a9e91ef10bfc4f98831"
  integrity sha1-nFg32s/UcasFM3qeke8Qv8T5iDE=

"d3-interpolate@1.2.0 - 2":
  version "2.0.1"
  resolved "https://registry.yarnpkg.com/d3-interpolate/-/d3-interpolate-2.0.1.tgz#98be499cfb8a3b94d4ff616900501a64abc91163"
  integrity sha512-c5UhwwTs/yybcmTpAVqwSFl6vrQ8JZJoT5F7xNFK9pymv5C0Ymcc9/LIJHtYIggg/yS9YHw8i8O8tgb9pupjeQ==
  dependencies:
    d3-color "1 - 2"

d3-scale@^3.0.0, d3-scale@^3.2.3:
  version "3.3.0"
  resolved "https://registry.yarnpkg.com/d3-scale/-/d3-scale-3.3.0.tgz#28c600b29f47e5b9cd2df9749c206727966203f3"
  integrity sha512-1JGp44NQCt5d1g+Yy+GeOnZP7xHo0ii8zsQp6PGzd+C1/dl0KGsp9A7Mxwp+1D1o4unbTTxVdU/ZOIEBoeZPbQ==
  dependencies:
    d3-array "^2.3.0"
    d3-format "1 - 2"
    d3-interpolate "1.2.0 - 2"
    d3-time "^2.1.1"
    d3-time-format "2 - 3"

"d3-time-format@2 - 3":
  version "3.0.0"
  resolved "https://registry.yarnpkg.com/d3-time-format/-/d3-time-format-3.0.0.tgz#df8056c83659e01f20ac5da5fdeae7c08d5f1bb6"
  integrity sha512-UXJh6EKsHBTjopVqZBhFysQcoXSv/5yLONZvkQ5Kk3qbwiUYkdX17Xa1PT6U1ZWXGGfB1ey5L8dKMlFq2DO0Ag==
  dependencies:
    d3-time "1 - 2"

"d3-time@1 - 2", d3-time@^2.1.1:
  version "2.1.1"
  resolved "https://registry.yarnpkg.com/d3-time/-/d3-time-2.1.1.tgz#e9d8a8a88691f4548e68ca085e5ff956724a6682"
  integrity sha512-/eIQe/eR4kCQwq7yxi7z4c6qEXf2IYGcjoWB5OOQy4Tq9Uv39/947qlDcN2TLkiTzQWzvnsuYPB9TrWaNfipKQ==
  dependencies:
    d3-array "2"

deck.gl@8.5.2:
  version "8.5.2"
  resolved "https://registry.yarnpkg.com/deck.gl/-/deck.gl-8.5.2.tgz#6d86523a88ecdfb6b7fa915a283efd3db9b1e310"
  integrity sha512-tsEyv62Zzc+GT3By0Y1R2gqEJ8K3tGBDaLprAoeAsg7fvIa5ikFBdWEBFHa1UDbgE2UEmYbcBK/yK4GAL8Ia4A==
  dependencies:
    "@deck.gl/aggregation-layers" "8.5.2"
    "@deck.gl/carto" "8.5.2"
    "@deck.gl/core" "8.5.2"
    "@deck.gl/extensions" "8.5.2"
    "@deck.gl/geo-layers" "8.5.2"
    "@deck.gl/google-maps" "8.5.2"
    "@deck.gl/json" "8.5.2"
    "@deck.gl/layers" "8.5.2"
    "@deck.gl/mapbox" "8.5.2"
    "@deck.gl/mesh-layers" "8.5.2"
    "@deck.gl/react" "8.5.2"

deep-extend@~0.6.0:
  version "0.6.0"
  resolved "https://registry.yarnpkg.com/deep-extend/-/deep-extend-0.6.0.tgz#c4fa7c95404a17a9c3e8ca7e1537312b736330ac"
  integrity sha512-LOHxIOaPYdHlJRtCQfDIVZtfw/ufM8+rVj649RIHzcm/vGwQRXFt6OPqIFWsm2XEMrNIEtWR64sY1LEKD2vAOA==

draco3d@1.4.1:
  version "1.4.1"
  resolved "https://registry.yarnpkg.com/draco3d/-/draco3d-1.4.1.tgz#2abdcf7b59caaac50f7e189aec454176c57146b2"
  integrity sha512-9Rxonc70xiovBC+Bq1h57SNZIHzWTibU1VfIGp5z3Xx8dPtv4yT5uGhiH7P5uvJRR2jkrvHafRxR7bTANkvfpg==

earcut@^2.0.6, earcut@^2.2.3:
  version "2.2.3"
  resolved "https://registry.yarnpkg.com/earcut/-/earcut-2.2.3.tgz#d44ced2ff5a18859568e327dd9c7d46b16f55cf4"
  integrity sha512-iRDI1QeCQIhMCZk48DRDMVgQSSBDmbzzNhnxIo+pwx3swkfjMh6vh0nWLq1NdvGHLKH6wIrAM3vQWeTj6qeoug==

es6bindall@^0.0.9:
  version "0.0.9"
  resolved "https://registry.yarnpkg.com/es6bindall/-/es6bindall-0.0.9.tgz#71e00afa69f8dd59ac5ac898a0d31c978df817d5"
  integrity sha1-ceAK+mn43VmsWsiYoNMcl434F9U=

escape-string-regexp@^1.0.5:
  version "1.0.5"
  resolved "https://registry.yarnpkg.com/escape-string-regexp/-/escape-string-regexp-1.0.5.tgz#1b61c0562190a8dff6ae3bb2cf0200ca130b86d4"
  integrity sha1-G2HAViGQqN/2rjuyzwIAyhMLhtQ=

expression-eval@^2.0.0:
  version "2.1.0"
  resolved "https://registry.yarnpkg.com/expression-eval/-/expression-eval-2.1.0.tgz#422915caa46140a7c5b5f248650dea8bf8236e62"
  integrity sha512-FUJO/Akvl/JOWkvlqZaqbkhsEWlCJWDeZG4tzX96UH68D9FeRgYgtb55C2qtqbORC0Q6x5419EDjWu4IT9kQfg==
  dependencies:
    jsep "^0.3.0"

find-replace@^3.0.0:
  version "3.0.0"
  resolved "https://registry.yarnpkg.com/find-replace/-/find-replace-3.0.0.tgz#3e7e23d3b05167a76f770c9fbd5258b0def68c38"
  integrity sha512-6Tb2myMioCAgv5kfvP5/PkZZ/ntTpVK39fHY7WkWBgvbeE+VHd/tZuZ4mrC+bxh4cfOZeYKVPaJIZtZXV7GNCQ==
  dependencies:
    array-back "^3.0.1"

flatbuffers@1.12.0:
  version "1.12.0"
  resolved "https://registry.yarnpkg.com/flatbuffers/-/flatbuffers-1.12.0.tgz#72e87d1726cb1b216e839ef02658aa87dcef68aa"
  integrity sha512-c7CZADjRcl6j0PlvFy0ZqXQ67qSEZfrVPynmnL+2zPc+NtMvrF8Y0QceMo7QqnSPc7+uWjUIAbvCQ5WIKlMVdQ==

geojson-vt@^3.2.1:
  version "3.2.1"
  resolved "https://registry.yarnpkg.com/geojson-vt/-/geojson-vt-3.2.1.tgz#f8adb614d2c1d3f6ee7c4265cad4bbf3ad60c8b7"
  integrity sha512-EvGQQi/zPrDA6zr6BnJD/YhwAkBP8nnJ9emh3EnHQKVMfg/MRVtPbMYdgVy/IaEmn4UfagD2a6fafPDL5hbtwg==

get-stream@^6.0.1:
  version "6.0.1"
  resolved "https://registry.yarnpkg.com/get-stream/-/get-stream-6.0.1.tgz#a262d8eef67aced57c2852ad6167526a43cbf7b7"
  integrity sha512-ts6Wi+2j3jQjqi70w5AlN8DFnkSwC+MqmxEzdEALB2qXZYV3X/b1CTfgPLGJNMeAWxdPfU8FO1ms3NUfaHCPYg==

gl-matrix@^3.0.0, gl-matrix@^3.3.0:
  version "3.4.3"
  resolved "https://registry.yarnpkg.com/gl-matrix/-/gl-matrix-3.4.3.tgz#fc1191e8320009fd4d20e9339595c6041ddc22c9"
  integrity sha512-wcCp8vu8FT22BnvKVPjXa/ICBWRq/zjFfdofZy1WSpQZpphblv12/bOQLBC1rMM7SGOFS9ltVmKOHil5+Ml7gA==

gl-matrix@~3.3.0:
  version "3.3.0"
  resolved "https://registry.yarnpkg.com/gl-matrix/-/gl-matrix-3.3.0.tgz#232eef60b1c8b30a28cbbe75b2caf6c48fd6358b"
  integrity sha512-COb7LDz+SXaHtl/h4LeaFcNdJdAQSDeVqjiIihSXNrkWObZLhDI4hIkZC11Aeqp7bcE72clzB0BnDXr2SmslRA==

grid-index@^1.1.0:
  version "1.1.0"
  resolved "https://registry.yarnpkg.com/grid-index/-/grid-index-1.1.0.tgz#97f8221edec1026c8377b86446a7c71e79522ea7"
  integrity sha512-HZRwumpOGUrHyxO5bqKZL0B0GlUpwtCAzZ42sgxUPniu33R1LSFH5yrIcBCHjkctCAh3mtWKcKd9J4vDDdeVHA==

h3-js@^3.6.0:
  version "3.7.2"
  resolved "https://registry.yarnpkg.com/h3-js/-/h3-js-3.7.2.tgz#61d4feb7bb42868ca9cdb2d5cf9d9dda94f9e5a3"
  integrity sha512-LPjlHSwB9zQZrMqKloCZmmmt3yZzIK7nqPcXqwU93zT3TtYG6jP4tZBzAPouxut7lLjdFbMQ75wRBiKfpsnY7w==

hammerjs@^2.0.8:
  version "2.0.8"
  resolved "https://registry.yarnpkg.com/hammerjs/-/hammerjs-2.0.8.tgz#04ef77862cff2bb79d30f7692095930222bf60f1"
  integrity sha1-BO93hiz/K7edMPdpIJWTAiK/YPE=

has-flag@^3.0.0:
  version "3.0.0"
  resolved "https://registry.yarnpkg.com/has-flag/-/has-flag-3.0.0.tgz#b5d454dc2199ae225699f3467e5a07f3b955bafd"
  integrity sha1-tdRU3CGZriJWmfNGfloH87lVuv0=

iconv-lite@0.4:
  version "0.4.24"
  resolved "https://registry.yarnpkg.com/iconv-lite/-/iconv-lite-0.4.24.tgz#2022b4b25fbddc21d2f524974a474aafe733908b"
  integrity sha512-v3MXnZAcvnywkTUEZomIActle7RXXeedOR31wwl7VlyoXO4Qi9arvSenNQWne1TcRwhCL1HwLI21bEqdpj8/rA==
  dependencies:
    safer-buffer ">= 2.1.2 < 3"

ieee754@^1.1.12:
  version "1.2.1"
  resolved "https://registry.yarnpkg.com/ieee754/-/ieee754-1.2.1.tgz#8eb7a10a63fff25d15a57b001586d177d1b0d352"
  integrity sha512-dcyqhDvX1C46lXZcVqCpK+FtMRQVdIMN6/Df5js2zouUsqG7I6sFxitIC+7KYK29KdXOLHdu9zL4sFnoVQnqaA==

internmap@^1.0.0:
  version "1.0.1"
  resolved "https://registry.yarnpkg.com/internmap/-/internmap-1.0.1.tgz#0017cc8a3b99605f0302f2b198d272e015e5df95"
  integrity sha512-lDB5YccMydFBtasVtxnZ3MRBHuaoE8GKsppq+EchKL2U4nK/DmEpPHNH8MZe5HkMtpSiTSOZwfN0tzYjO/lJEw==

jquery@^3.4.1:
  version "3.6.0"
  resolved "https://registry.yarnpkg.com/jquery/-/jquery-3.6.0.tgz#c72a09f15c1bdce142f49dbf1170bdf8adac2470"
  integrity sha512-JVzAR/AjBvVt2BmYhxRCSYysDsPcssdmTFnzyLEts9qNwmjmu4JTAMYubEfwVOSwpQ1I1sKKFcxhZCI2buerfw==

"js-tokens@^3.0.0 || ^4.0.0":
  version "4.0.0"
  resolved "https://registry.yarnpkg.com/js-tokens/-/js-tokens-4.0.0.tgz#19203fb59991df98e3a287050d4647cdeaf32499"
  integrity sha512-RdJUflcE3cUzKiMqQgsCu06FPu9UdIJO0beYbPhHN4k6apgJtifcoCtT9bcxOpYBtpD2kCM6Sbzg4CausW/PKQ==

jsep@^0.3.0:
  version "0.3.5"
  resolved "https://registry.yarnpkg.com/jsep/-/jsep-0.3.5.tgz#3fd79ebd92f6f434e4857d5272aaeef7d948264d"
  integrity sha512-AoRLBDc6JNnKjNcmonituEABS5bcfqDhQAWWXNTFrqu6nVXBpBAGfcoTGZMFlIrh9FjmE1CQyX9CTNwZrXMMDA==

json-bignum@^0.0.3:
  version "0.0.3"
  resolved "https://registry.yarnpkg.com/json-bignum/-/json-bignum-0.0.3.tgz#41163b50436c773d82424dbc20ed70db7604b8d7"
  integrity sha1-QRY7UENsdz2CQk28IO1w23YEuNc=

kdbush@^3.0.0:
  version "3.0.0"
  resolved "https://registry.yarnpkg.com/kdbush/-/kdbush-3.0.0.tgz#f8484794d47004cc2d85ed3a79353dbe0abc2bf0"
  integrity sha512-hRkd6/XW4HTsA9vjVpY9tuXJYLSlelnkTmVFu4M9/7MIYQtFcHpbugAU7UbOfjOiVSVYl2fqgBuJ32JUmRo5Ew==

lodash.camelcase@^4.3.0:
  version "4.3.0"
  resolved "https://registry.yarnpkg.com/lodash.camelcase/-/lodash.camelcase-4.3.0.tgz#b28aa6288a2b9fc651035c7711f65ab6190331a6"
  integrity sha1-soqmKIorn8ZRA1x3EfZathkDMaY=

lodash@^4.17.15:
  version "4.17.21"
  resolved "https://registry.yarnpkg.com/lodash/-/lodash-4.17.21.tgz#679591c564c3bffaae8454cf0b3df370c3d6911c"
  integrity sha512-v2kDEe57lecTulaDIuNTPy3Ry4gLGJ6Z1O3vE1krgXZNrsQ+LFTGHVxVjcXPs17LhbZVGedAJv8XZ1tvj5FvSg==

long@^3.2.0:
  version "3.2.0"
  resolved "https://registry.yarnpkg.com/long/-/long-3.2.0.tgz#d821b7138ca1cb581c172990ef14db200b5c474b"
  integrity sha1-2CG3E4yhy1gcFymQ7xTbIAtcR0s=

loose-envify@^1.4.0:
  version "1.4.0"
  resolved "https://registry.yarnpkg.com/loose-envify/-/loose-envify-1.4.0.tgz#71ee51fa7be4caec1a63839f7e682d8132d30caf"
  integrity sha512-lyuxPGr/Wfhrlem2CL/UcnUc1zcqKAImBDzukY7Y5F/yQiNdko6+fRLevlw1HgMySw7f611UIY408EtxRSoK3Q==
  dependencies:
    js-tokens "^3.0.0 || ^4.0.0"

mapbox-gl@^2.3.0, mapbox-gl@^2.4.0:
  version "2.6.0"
  resolved "https://registry.yarnpkg.com/mapbox-gl/-/mapbox-gl-2.6.0.tgz#242f7f9dcdf1b34a1f59e2fc64c1b7573f8e490c"
  integrity sha512-ZPiU3o72XJk3FslHFXupIpDxBDYvh2j9R+TzSZ6fSYob9BEjqY79lrffzCElPUawF4JDFt+CzeIy4uFB6m23Ng==
  dependencies:
    "@mapbox/geojson-rewind" "^0.5.1"
    "@mapbox/geojson-types" "^1.0.2"
    "@mapbox/jsonlint-lines-primitives" "^2.0.2"
    "@mapbox/mapbox-gl-supported" "^2.0.0"
    "@mapbox/point-geometry" "^0.1.0"
    "@mapbox/tiny-sdf" "^2.0.2"
    "@mapbox/unitbezier" "^0.0.0"
    "@mapbox/vector-tile" "^1.3.1"
    "@mapbox/whoots-js" "^3.1.0"
    csscolorparser "~1.0.3"
    earcut "^2.2.3"
    geojson-vt "^3.2.1"
    gl-matrix "^3.3.0"
    grid-index "^1.1.0"
    minimist "^1.2.5"
    murmurhash-js "^1.0.0"
    pbf "^3.2.1"
    potpack "^1.0.1"
    quickselect "^2.0.0"
    rw "^1.3.3"
    supercluster "^7.1.4"
    tinyqueue "^2.0.3"
    vt-pbf "^3.1.3"

math.gl@^3.5.3:
  version "3.5.6"
  resolved "https://registry.yarnpkg.com/math.gl/-/math.gl-3.5.6.tgz#805ac7444f8e5b339e88989c0fbcb9870774e315"
  integrity sha512-+IzdFaQk46iYU85XObRNqnb5NUQon+rWDPnCoEIOKOKdykr2gJ15BcVjEs0ZvH4EDv5K/JVmLkWzY/6DCEx2Fw==
  dependencies:
    "@math.gl/core" "3.5.6"

minimist@^1.2.5:
  version "1.2.5"
  resolved "https://registry.yarnpkg.com/minimist/-/minimist-1.2.5.tgz#67d66014b66a6a8aaa0c083c5fd58df4e4e97602"
  integrity sha512-FM9nNUYrRBAELZQT3xeZQ7fmMOBg6nWNmJKTcgsJeaLstP/UODVpGsr5OhXhhXg6f+qtJ8uiZ+PUxkDWcgIXLw==

mjolnir.js@^2.5.0:
  version "2.6.0"
  resolved "https://registry.yarnpkg.com/mjolnir.js/-/mjolnir.js-2.6.0.tgz#0a199f71434b5f183248e1a9bb06a3b4e5533ecb"
  integrity sha512-rGA7+BJKvXI0ypxQD/+rQE/sW26kmc8UIZWhmQrjhwCf/zvhbcBlsu2vPB6w0Kv/rVnVFEONTSQqC0vFEpQvIA==
  dependencies:
    "@babel/runtime" "^7.0.0"
    hammerjs "^2.0.8"

moment@^2.20.1:
  version "2.29.1"
  resolved "https://registry.yarnpkg.com/moment/-/moment-2.29.1.tgz#b2be769fa31940be9eeea6469c075e35006fa3d3"
  integrity sha512-kHmoybcPV8Sqy59DwNDY3Jefr64lK/by/da0ViFcuA4DH0vQg5Q6Ze5VimxkfQNSC+Mls/Kx53s7TjP1RhFEDQ==

mousetrap@^1.6.1:
  version "1.6.5"
  resolved "https://registry.yarnpkg.com/mousetrap/-/mousetrap-1.6.5.tgz#8a766d8c272b08393d5f56074e0b5ec183485bf9"
  integrity sha512-QNo4kEepaIBwiT8CDhP98umTetp+JNfQYBWvC1pc6/OAibuXtRcxZ58Qz8skvEHYvURne/7R8T5VoOI7rDsEUA==

murmurhash-js@^1.0.0:
  version "1.0.0"
  resolved "https://registry.yarnpkg.com/murmurhash-js/-/murmurhash-js-1.0.0.tgz#b06278e21fc6c37fa5313732b0412bcb6ae15f51"
  integrity sha1-sGJ44h/Gw3+lMTcysEEry2rhX1E=

object-assign@^4.1.1:
  version "4.1.1"
  resolved "https://registry.yarnpkg.com/object-assign/-/object-assign-4.1.1.tgz#2109adc7965887cfc05cbbd442cac8bfbb360863"
  integrity sha1-IQmtx5ZYh8/AXLvUQsrIv7s2CGM=

pad-left@^2.1.0:
  version "2.1.0"
  resolved "https://registry.yarnpkg.com/pad-left/-/pad-left-2.1.0.tgz#16e6a3b2d44a8e138cb0838cc7cb403a4fc9e994"
  integrity sha1-FuajstRKjhOMsIOMx8tAOk/J6ZQ=
  dependencies:
    repeat-string "^1.5.4"

pbf@^3.2.1:
  version "3.2.1"
  resolved "https://registry.yarnpkg.com/pbf/-/pbf-3.2.1.tgz#b4c1b9e72af966cd82c6531691115cc0409ffe2a"
  integrity sha512-ClrV7pNOn7rtmoQVF4TS1vyU0WhYRnP92fzbfF75jAIwpnzdJXf8iTd4CMEqO4yUenH6NDqLiwjqlh6QgZzgLQ==
  dependencies:
    ieee754 "^1.1.12"
    resolve-protobuf-schema "^2.1.0"

potpack@^1.0.1:
  version "1.0.2"
  resolved "https://registry.yarnpkg.com/potpack/-/potpack-1.0.2.tgz#23b99e64eb74f5741ffe7656b5b5c4ddce8dfc14"
  integrity sha512-choctRBIV9EMT9WGAZHn3V7t0Z2pMQyl0EZE6pFc/6ml3ssw7Dlf/oAOvFwjm1HVsqfQN8GfeFyJ+d8tRzqueQ==

probe.gl@^3.4.0:
  version "3.4.1"
  resolved "https://registry.yarnpkg.com/probe.gl/-/probe.gl-3.4.1.tgz#88d8629fbac5a627049d6fdc6b8c364d56f00815"
  integrity sha512-k/6YoZr6cBwnFpQLs/s4yZ8cCxapQzRrxl16EQg1b2wYXLlerDJ4PkNoQ3YDN9yu3Jcipipr+Avy1GRpyBF6ZA==
  dependencies:
    "@babel/runtime" "^7.0.0"
    "@probe.gl/stats" "3.4.1"

prop-types@^15.6.0, prop-types@^15.7.2:
  version "15.7.2"
  resolved "https://registry.yarnpkg.com/prop-types/-/prop-types-15.7.2.tgz#52c41e75b8c87e72b9d9360e0206b99dcbffa6c5"
  integrity sha512-8QQikdH7//R2vurIJSutZ1smHYTcLpRWEOlHnzcWHmBYrOGUysKwSsrC89BCiFj3CbrfJ/nXFdJepOVrY1GCHQ==
  dependencies:
    loose-envify "^1.4.0"
    object-assign "^4.1.1"
    react-is "^16.8.1"

protocol-buffers-schema@^3.3.1:
  version "3.6.0"
  resolved "https://registry.yarnpkg.com/protocol-buffers-schema/-/protocol-buffers-schema-3.6.0.tgz#77bc75a48b2ff142c1ad5b5b90c94cd0fa2efd03"
  integrity sha512-TdDRD+/QNdrCGCE7v8340QyuXd4kIWIgapsE2+n/SaGiSSbomYl4TjHlvIoCWRpE7wFt02EpB35VVA2ImcBVqw==

quickselect@^2.0.0:
  version "2.0.0"
  resolved "https://registry.yarnpkg.com/quickselect/-/quickselect-2.0.0.tgz#f19680a486a5eefb581303e023e98faaf25dd018"
  integrity sha512-RKJ22hX8mHe3Y6wH/N3wCM6BWtjaxIyyUIkpHOvfFnxdI4yD4tBXEBKSbriGujF6jnSVkJrffuo6vxACiSSxIw==

react-bootstrap-slider@2.1.5:
  version "2.1.5"
  resolved "https://registry.yarnpkg.com/react-bootstrap-slider/-/react-bootstrap-slider-2.1.5.tgz#2f79e57b69ddf2b5bd23310bddbd2de0c6bdfef3"
  integrity sha512-7rO3JlCVIpr+XtwiSfg8r+MPqyl9KdLI61pNuSMBYYQZ42IWBC+kk/UDyYevp76aGAMtd9SCW8erxOvq+VpekQ==
  dependencies:
    bootstrap-slider "9.9.0"
    es6bindall "^0.0.9"

react-is@^16.8.1:
  version "16.13.1"
  resolved "https://registry.yarnpkg.com/react-is/-/react-is-16.13.1.tgz#789729a4dc36de2999dc156dd6c1d9c18cea56a4"
  integrity sha512-24e6ynE2H+OKt4kqsOvNd8kBpV65zoxbA4BVsEOB3ARVWQki/DHzaUoC5KuON/BiccDaCCTZBuOcfZs70kR8bQ==

react-map-gl@^6.1.16:
  version "6.1.17"
  resolved "https://registry.yarnpkg.com/react-map-gl/-/react-map-gl-6.1.17.tgz#3fe52ede87919080a6b8220b867e61c55be20ede"
  integrity sha512-SKuMtvs7aQpHMJehf/GzUQnEhPWRIypTX7X2wVXGME2RBKdY0PnC1YTiy8W3aA4uwcolPvCCYB+ki3xal51ZXQ==
  dependencies:
    "@babel/runtime" "^7.0.0"
    "@types/geojson" "^7946.0.7"
    "@types/mapbox-gl" "^2.0.3"
    mapbox-gl "^2.3.0"
    mjolnir.js "^2.5.0"
    prop-types "^15.7.2"
    resize-observer-polyfill "^1.5.1"
    viewport-mercator-project "^7.0.4"

reduce-flatten@^2.0.0:
  version "2.0.0"
  resolved "https://registry.yarnpkg.com/reduce-flatten/-/reduce-flatten-2.0.0.tgz#734fd84e65f375d7ca4465c69798c25c9d10ae27"
  integrity sha512-EJ4UNY/U1t2P/2k6oqotuX2Cc3T6nxJwsM0N0asT7dhrtH1ltUxDn4NalSYmPE2rCkVpcf/X6R0wDwcFpzhd4w==

regenerator-runtime@^0.13.4:
  version "0.13.9"
  resolved "https://registry.yarnpkg.com/regenerator-runtime/-/regenerator-runtime-0.13.9.tgz#8925742a98ffd90814988d7566ad30ca3b263b52"
  integrity sha512-p3VT+cOEgxFsRRA9X4lkI1E+k2/CtnKtU4gcxyaCUreilL/vqI6CdZ3wxVUx3UOUg+gnUOQQcRI7BmSI656MYA==

repeat-string@^1.5.4:
  version "1.6.1"
  resolved "https://registry.yarnpkg.com/repeat-string/-/repeat-string-1.6.1.tgz#8dcae470e1c88abc2d600fff4a776286da75e637"
  integrity sha1-jcrkcOHIirwtYA//Sndihtp15jc=

resize-observer-polyfill@^1.5.1:
  version "1.5.1"
  resolved "https://registry.yarnpkg.com/resize-observer-polyfill/-/resize-observer-polyfill-1.5.1.tgz#0e9020dd3d21024458d4ebd27e23e40269810464"
  integrity sha512-LwZrotdHOo12nQuZlHEmtuXdqGoOD0OhaxopaNFxWzInpEgaLWoVuAMbTzixuosCx2nEG58ngzW3vxdWoxIgdg==

resolve-protobuf-schema@^2.1.0:
  version "2.1.0"
  resolved "https://registry.yarnpkg.com/resolve-protobuf-schema/-/resolve-protobuf-schema-2.1.0.tgz#9ca9a9e69cf192bbdaf1006ec1973948aa4a3758"
  integrity sha512-kI5ffTiZWmJaS/huM8wZfEMer1eRd7oJQhDuxeCLe3t7N7mX3z94CN0xPxBQxFYQTSNz9T0i+v6inKqSdK8xrQ==
  dependencies:
    protocol-buffers-schema "^3.3.1"

rw@1, rw@^1.3.3:
  version "1.3.3"
  resolved "https://registry.yarnpkg.com/rw/-/rw-1.3.3.tgz#3f862dfa91ab766b14885ef4d01124bfda074fb4"
  integrity sha1-P4Yt+pGrdmsUiF700BEkv9oHT7Q=

"safer-buffer@>= 2.1.2 < 3":
  version "2.1.2"
  resolved "https://registry.yarnpkg.com/safer-buffer/-/safer-buffer-2.1.2.tgz#44fa161b0187b9549dd84bb91802f9bd8385cd6a"
  integrity sha512-YZo3K82SD7Riyi0E1EQPojLz7kpepnSQI9IyPbHHg1XXXevb5dJI7tpyN2ADxGcQbHG7vcyRHk0cbwqcQriUtg==

supercluster@^7.1.4:
  version "7.1.4"
  resolved "https://registry.yarnpkg.com/supercluster/-/supercluster-7.1.4.tgz#6762aabfd985d3390b49f13b815567d5116a828a"
  integrity sha512-GhKkRM1jMR6WUwGPw05fs66pOFWhf59lXq+Q3J3SxPvhNcmgOtLRV6aVQPMRsmXdpaeFJGivt+t7QXUPL3ff4g==
  dependencies:
    kdbush "^3.0.0"

supports-color@^5.3.0:
  version "5.5.0"
  resolved "https://registry.yarnpkg.com/supports-color/-/supports-color-5.5.0.tgz#e2e69a44ac8772f78a1ec0b35b689df6530efc8f"
  integrity sha512-QjVjwdXIt408MIiAqCX4oUKsgU2EqAGzs2Ppkm4aQYbjm+ZEWEcW4SfFNTr4uMNZma0ey4f5lgLrkB0aX0QMow==
  dependencies:
    has-flag "^3.0.0"

table-layout@^1.0.1:
  version "1.0.2"
  resolved "https://registry.yarnpkg.com/table-layout/-/table-layout-1.0.2.tgz#c4038a1853b0136d63365a734b6931cf4fad4a04"
  integrity sha512-qd/R7n5rQTRFi+Zf2sk5XVVd9UQl6ZkduPFC3S7WEGJAmetDTjY3qPN50eSKzwuzEyQKy5TN2TiZdkIjos2L6A==
  dependencies:
    array-back "^4.0.1"
    deep-extend "~0.6.0"
    typical "^5.2.0"
    wordwrapjs "^4.0.0"

text-encoding-utf-8@^1.0.2:
  version "1.0.2"
  resolved "https://registry.yarnpkg.com/text-encoding-utf-8/-/text-encoding-utf-8-1.0.2.tgz#585b62197b0ae437e3c7b5d0af27ac1021e10d13"
  integrity sha512-8bw4MY9WjdsD2aMtO0OzOCY3pXGYNx2d2FfHRVUKkiCPDWjKuOlhLVASS+pD7VkLTVjW268LYJHwsnPFlBpbAg==

tinyqueue@^2.0.3:
  version "2.0.3"
  resolved "https://registry.yarnpkg.com/tinyqueue/-/tinyqueue-2.0.3.tgz#64d8492ebf39e7801d7bd34062e29b45b2035f08"
  integrity sha512-ppJZNDuKGgxzkHihX8v9v9G5f+18gzaTfrukGrq6ueg0lmH4nqVnA2IPG0AEH3jKEk2GRJCUhDoqpoiw3PHLBA==

tslib@^2.2.0:
  version "2.3.1"
  resolved "https://registry.yarnpkg.com/tslib/-/tslib-2.3.1.tgz#e8a335add5ceae51aa261d32a490158ef042ef01"
  integrity sha512-77EbyPPpMz+FRFRuAFlWMtmgUWGe9UOG2Z25NqCwiIjRhOf5iKGuzSe5P2w1laq+FkRy4p+PCuVkJSGkzTEKVw==

typical@^4.0.0:
  version "4.0.0"
  resolved "https://registry.yarnpkg.com/typical/-/typical-4.0.0.tgz#cbeaff3b9d7ae1e2bbfaf5a4e6f11eccfde94fc4"
  integrity sha512-VAH4IvQ7BDFYglMd7BPRDfLgxZZX4O4TFcRDA6EN5X7erNJJq+McIEp8np9aVtxrCJ6qx4GTYVfOWNjcqwZgRw==

typical@^5.2.0:
  version "5.2.0"
  resolved "https://registry.yarnpkg.com/typical/-/typical-5.2.0.tgz#4daaac4f2b5315460804f0acf6cb69c52bb93066"
  integrity sha512-dvdQgNDNJo+8B2uBQoqdb11eUCE1JQXhvjC/CZtgvZseVd5TYMXnq0+vuUemXbd/Se29cTaUuPX3YIc2xgbvIg==

underscore@^1.8.3:
  version "1.13.1"
  resolved "https://registry.yarnpkg.com/underscore/-/underscore-1.13.1.tgz#0c1c6bd2df54b6b69f2314066d65b6cde6fcf9d1"
  integrity sha512-hzSoAVtJF+3ZtiFX0VgfFPHEDRm7Y/QPjGyNo4TVdnDTdft3tr8hEkD25a1jC+TjTuE7tkHGKkhwCgs9dgBB2g==

urijs@^1.18.10:
  version "1.19.7"
  resolved "https://registry.yarnpkg.com/urijs/-/urijs-1.19.7.tgz#4f594e59113928fea63c00ce688fb395b1168ab9"
  integrity sha512-Id+IKjdU0Hx+7Zx717jwLPsPeUqz7rAtuVBRLLs+qn+J2nf9NGITWVCxcijgYxBqe83C7sqsQPs6H1pyz3x9gA==

viewport-mercator-project@^7.0.4:
  version "7.0.4"
  resolved "https://registry.yarnpkg.com/viewport-mercator-project/-/viewport-mercator-project-7.0.4.tgz#67feec04135484bf424dd4890d630e82116b31e6"
  integrity sha512-0jzpL6pIMocCKWg1C3mqi/N4UPgZC3FzwghEm1H+XsUo8hNZAyJc3QR7YqC816ibOR8aWT5pCsV+gCu8/BMJgg==
  dependencies:
    "@math.gl/web-mercator" "^3.5.5"

vt-pbf@^3.1.3:
  version "3.1.3"
  resolved "https://registry.yarnpkg.com/vt-pbf/-/vt-pbf-3.1.3.tgz#68fd150756465e2edae1cc5c048e063916dcfaac"
  integrity sha512-2LzDFzt0mZKZ9IpVF2r69G9bXaP2Q2sArJCmcCgvfTdCCZzSyz4aCLoQyUilu37Ll56tCblIZrXFIjNUpGIlmA==
  dependencies:
    "@mapbox/point-geometry" "0.1.0"
    "@mapbox/vector-tile" "^1.3.1"
    pbf "^3.2.1"

wordwrapjs@^4.0.0:
  version "4.0.1"
  resolved "https://registry.yarnpkg.com/wordwrapjs/-/wordwrapjs-4.0.1.tgz#d9790bccfb110a0fc7836b5ebce0937b37a8b98f"
  integrity sha512-kKlNACbvHrkpIw6oPeYDSmdCTu2hdMHoyXLTcUKala++lx5Y+wjJ/e474Jqv5abnVmwxw08DiTuHmw69lJGksA==
  dependencies:
    reduce-flatten "^2.0.0"
    typical "^5.2.0"

xss@^1.0.6:
  version "1.0.10"
  resolved "https://registry.yarnpkg.com/xss/-/xss-1.0.10.tgz#5cd63a9b147a755a14cb0455c7db8866120eb4d2"
  integrity sha512-qmoqrRksmzqSKvgqzN0055UFWY7OKx1/9JWeRswwEVX9fCG5jcYRxa/A2DHcmZX6VJvjzHRQ2STeeVcQkrmLSw==
  dependencies:
    commander "^2.20.3"
    cssfilter "0.0.10"
